<?xml version="1.0" encoding="UTF-8" standalone="yes" ?>
<CodeBlocks_project_file>
	<FileVersion major="1" minor="6" />
	<Project>
		<Option title="CodeBlock" />
		<Option pch_mode="2" />
		<Option compiler="gcc" />
		<Build>
			<Target title="Debug">
				<Option output="../../Bin/Game" prefix_auto="1" extension_auto="1" />
				<Option object_output="../CodeBlock/Debug" />
				<Option type="1" />
				<Option compiler="gcc" />
				<Compiler>
					<Add option="-g" />
					<Add directory="../Header" />
					<Add directory="Header" />
				</Compiler>
				<Linker>
					<Add library="..\Src\CommonClass.a" />
					<Add library="libwinmm.a" />
				</Linker>
			</Target>
			<Target title="Release">
				<Option output="../../Bin/Game" prefix_auto="1" extension_auto="1" />
				<Option object_output="../CodeBlock/Release" />
				<Option type="1" />
				<Option compiler="gcc" />
				<Compiler>
					<Add option="-O2" />
					<Add directory="../Header" />
					<Add directory="Header" />
				</Compiler>
				<Linker>
					<Add option="-s" />
					<Add library="..\Src\CommonClass.a" />
					<Add library="libwinmm.a" />
				</Linker>
			</Target>
		</Build>
		<Compiler>
			<Add option="-Wall" />
		</Compiler>
		<Unit filename="../Header/Bullet.h" />
		<Unit filename="../Header/BulletManager.h" />
		<Unit filename="../Header/CommonClass.h" />
		<Unit filename="../Header/GameSetter.h" />
		<Unit filename="../Header/LessonX.h" />
		<Unit filename="../Header/MapManager.h" />
		<Unit filename="../Header/Player.h" />
		<Unit filename="../Header/PlayerManager.h" />
		<Unit filename="../Header/PlayerState.h" />
		<Unit filename="../Header/Position.h" />
		<Unit filename="../Header/TREASURE.H" />
		<Unit filename="../Header/TreasureManager.h" />
		<Unit filename="../Header/WallBlock.h" />
		<Unit filename="../Header/crowmap.h" />
		<Unit filename="../Header/dungoen.h" />
		<Unit filename="../Icon.rc">
			<Option compilerVar="WINDRES" />
		</Unit>
		<Unit filename="../Src/Bullet.cpp" />
		<Unit filename="../Src/BulletManager.cpp" />
		<Unit filename="../Src/GameSetter.cpp" />
		<Unit filename="../Src/LessonX.cpp" />
		<Unit filename="../Src/Main.cpp" />
		<Unit filename="../Src/MapManager.cpp" />
		<Unit filename="../Src/Player.cpp" />
		<Unit filename="../Src/PlayerManager.cpp" />
		<Unit filename="../Src/TREASURE.CPP" />
		<Unit filename="../Src/TreasureManager.cpp" />
		<Unit filename="../Src/WallBlock.cpp" />
		<Extensions>
			<code_completion />
			<envvars />
			<debugger />
			<lib_finder disable_auto="1" />
		</Extensions>
	</Project>
</CodeBlocks_project_file>
